// !$*UTF8*$!
{
	archiveVersion = 1;
	classes = {
	};
	objectVersion = 46;
	objects = {

/* Begin PBXBuildFile section */
		D01DBC871B7BBF1C002F6052 /* icon-user-default.png in Resources */ = {isa = PBXBuildFile; fileRef = D01DBC861B7BBF1C002F6052 /* icon-user-default.png */; };
		D01FE14E1B7A5A5A00425F31 /* SwiftyJSON.swift in Sources */ = {isa = PBXBuildFile; fileRef = D01FE14D1B7A5A5900425F31 /* SwiftyJSON.swift */; };
		D01FE1581B7A6C9A00425F31 /* AdHocAlert_generic.png in Resources */ = {isa = PBXBuildFile; fileRef = D01FE14F1B7A6C9A00425F31 /* AdHocAlert_generic.png */; };
		D01FE1591B7A6C9A00425F31 /* default_herman_question.png in Resources */ = {isa = PBXBuildFile; fileRef = D01FE1501B7A6C9A00425F31 /* default_herman_question.png */; };
		D01FE15A1B7A6C9A00425F31 /* AdHocAlert.png in Resources */ = {isa = PBXBuildFile; fileRef = D01FE1511B7A6C9A00425F31 /* AdHocAlert.png */; };
		D01FE15B1B7A6C9A00425F31 /* AdHocActivity.png in Resources */ = {isa = PBXBuildFile; fileRef = D01FE1521B7A6C9A00425F31 /* AdHocActivity.png */; };
		D01FE15C1B7A6C9A00425F31 /* 05_knocked_out.png in Resources */ = {isa = PBXBuildFile; fileRef = D01FE1531B7A6C9A00425F31 /* 05_knocked_out.png */; };
		D01FE15D1B7A6C9A00425F31 /* 04_happy.png in Resources */ = {isa = PBXBuildFile; fileRef = D01FE1541B7A6C9A00425F31 /* 04_happy.png */; };
		D01FE15E1B7A6C9A00425F31 /* 03_content.png in Resources */ = {isa = PBXBuildFile; fileRef = D01FE1551B7A6C9A00425F31 /* 03_content.png */; };
		D01FE15F1B7A6C9A00425F31 /* 02_neutral.png in Resources */ = {isa = PBXBuildFile; fileRef = D01FE1561B7A6C9A00425F31 /* 02_neutral.png */; };
		D01FE1601B7A6C9A00425F31 /* 01_sleeping.png in Resources */ = {isa = PBXBuildFile; fileRef = D01FE1571B7A6C9A00425F31 /* 01_sleeping.png */; };
		D01FE1641B7A967D00425F31 /* App Icon [Rounded] in Resources */ = {isa = PBXBuildFile; fileRef = D01FE1621B7A967D00425F31 /* App Icon [Rounded] */; };
		D01FE1651B7A967D00425F31 /* App Icon [Squared] in Resources */ = {isa = PBXBuildFile; fileRef = D01FE1631B7A967D00425F31 /* App Icon [Squared] */; };
		D0243E841B793202001C5738 /* NoiseNotificationController.swift in Sources */ = {isa = PBXBuildFile; fileRef = D0243E831B793202001C5738 /* NoiseNotificationController.swift */; };
		D0243E861B793211001C5738 /* HelpfulnessNotificationController.swift in Sources */ = {isa = PBXBuildFile; fileRef = D0243E851B793211001C5738 /* HelpfulnessNotificationController.swift */; };
		D0243E881B79321E001C5738 /* SpaceNotificationController.swift in Sources */ = {isa = PBXBuildFile; fileRef = D0243E871B79321E001C5738 /* SpaceNotificationController.swift */; };
		D0243E8A1B793226001C5738 /* TaskNotificationController.swift in Sources */ = {isa = PBXBuildFile; fileRef = D0243E891B793226001C5738 /* TaskNotificationController.swift */; };
		D0C444701B73C6150084111F /* Activity.swift in Sources */ = {isa = PBXBuildFile; fileRef = D0C4446F1B73C6150084111F /* Activity.swift */; };
		D0D80A991B78DEA800EB11FA /* sliderengagement.swift in Sources */ = {isa = PBXBuildFile; fileRef = D0D80A981B78DEA800EB11FA /* sliderengagement.swift */; };
		D0E0F9CE1B73B4CF00CDDB0A /* AppDelegate.swift in Sources */ = {isa = PBXBuildFile; fileRef = D0E0F9CD1B73B4CF00CDDB0A /* AppDelegate.swift */; };
		D0E0F9D11B73B4CF00CDDB0A /* SummerCamp.xcdatamodeld in Sources */ = {isa = PBXBuildFile; fileRef = D0E0F9CF1B73B4CF00CDDB0A /* SummerCamp.xcdatamodeld */; };
		D0E0F9D31B73B4CF00CDDB0A /* ViewController.swift in Sources */ = {isa = PBXBuildFile; fileRef = D0E0F9D21B73B4CF00CDDB0A /* ViewController.swift */; };
		D0E0F9D61B73B4CF00CDDB0A /* Main.storyboard in Resources */ = {isa = PBXBuildFile; fileRef = D0E0F9D41B73B4CF00CDDB0A /* Main.storyboard */; };
		D0E0F9D81B73B4CF00CDDB0A /* Images.xcassets in Resources */ = {isa = PBXBuildFile; fileRef = D0E0F9D71B73B4CF00CDDB0A /* Images.xcassets */; };
		D0E0F9DB1B73B4CF00CDDB0A /* LaunchScreen.xib in Resources */ = {isa = PBXBuildFile; fileRef = D0E0F9D91B73B4CF00CDDB0A /* LaunchScreen.xib */; };
		D0E0F9E71B73B4CF00CDDB0A /* SummerCampTests.swift in Sources */ = {isa = PBXBuildFile; fileRef = D0E0F9E61B73B4CF00CDDB0A /* SummerCampTests.swift */; };
		D0E0FA001B73B4DB00CDDB0A /* WatchCoreDataProxy.framework in Frameworks */ = {isa = PBXBuildFile; fileRef = D0E0F9F51B73B4DB00CDDB0A /* WatchCoreDataProxy.framework */; };
		D0E0FA1F1B73B4E500CDDB0A /* slider.swift in Sources */ = {isa = PBXBuildFile; fileRef = D0E0FA1E1B73B4E500CDDB0A /* slider.swift */; };
		D0E0FA211B73B4E500CDDB0A /* NotificationController.swift in Sources */ = {isa = PBXBuildFile; fileRef = D0E0FA201B73B4E500CDDB0A /* NotificationController.swift */; };
		D0E0FA231B73B4E500CDDB0A /* GlanceController.swift in Sources */ = {isa = PBXBuildFile; fileRef = D0E0FA221B73B4E500CDDB0A /* GlanceController.swift */; };
		D0E0FA251B73B4E500CDDB0A /* Images.xcassets in Resources */ = {isa = PBXBuildFile; fileRef = D0E0FA241B73B4E500CDDB0A /* Images.xcassets */; };
		D0E0FA291B73B4E500CDDB0A /* SummerCamp WatchKit App.app in Resources */ = {isa = PBXBuildFile; fileRef = D0E0FA281B73B4E500CDDB0A /* SummerCamp WatchKit App.app */; };
		D0E0FA311B73B4E500CDDB0A /* Interface.storyboard in Resources */ = {isa = PBXBuildFile; fileRef = D0E0FA2F1B73B4E500CDDB0A /* Interface.storyboard */; };
		D0E0FA331B73B4E500CDDB0A /* Images.xcassets in Resources */ = {isa = PBXBuildFile; fileRef = D0E0FA321B73B4E500CDDB0A /* Images.xcassets */; };
		D0E222CF1B73CA1D00319A0B /* ucb_pharma.png15474615 (1).png in Resources */ = {isa = PBXBuildFile; fileRef = D0E222C91B73CA1D00319A0B /* ucb_pharma.png15474615 (1).png */; };
		D0E222D01B73CA1D00319A0B /* ucb_pharma.png15474615 (2).png in Resources */ = {isa = PBXBuildFile; fileRef = D0E222CA1B73CA1D00319A0B /* ucb_pharma.png15474615 (2).png */; };
		D0E222D11B73CA1D00319A0B /* ucb_pharma.png15474615 (3).png in Resources */ = {isa = PBXBuildFile; fileRef = D0E222CB1B73CA1D00319A0B /* ucb_pharma.png15474615 (3).png */; };
		D0E222D31B73CA1D00319A0B /* ucbwhitelogofrommedicalvideos copy 2.png in Resources */ = {isa = PBXBuildFile; fileRef = D0E222CD1B73CA1D00319A0B /* ucbwhitelogofrommedicalvideos copy 2.png */; };
		D0E222D41B73CA1D00319A0B /* ucbwhitelogofrommedicalvideos copy.png in Resources */ = {isa = PBXBuildFile; fileRef = D0E222CE1B73CA1D00319A0B /* ucbwhitelogofrommedicalvideos copy.png */; };
		D0E222D61B73DAE900319A0B /* ActivityTableViewController.swift in Sources */ = {isa = PBXBuildFile; fileRef = D0E222D51B73DAE900319A0B /* ActivityTableViewController.swift */; };
		D0E222D81B73DAF500319A0B /* MiddleViewController.swift in Sources */ = {isa = PBXBuildFile; fileRef = D0E222D71B73DAF500319A0B /* MiddleViewController.swift */; };
		D0E222DA1B73EFBC00319A0B /* SwiftyJSON.swift in Sources */ = {isa = PBXBuildFile; fileRef = D0E222D91B73EFBC00319A0B /* SwiftyJSON.swift */; };
		D0E222E01B73F51300319A0B /* CoreData.framework in Frameworks */ = {isa = PBXBuildFile; fileRef = D0E222DB1B73F34D00319A0B /* CoreData.framework */; };
		D0E222E11B73F51E00319A0B /* Activity.swift in Sources */ = {isa = PBXBuildFile; fileRef = D0C4446F1B73C6150084111F /* Activity.swift */; };
		D0E222E31B73F54B00319A0B /* Activity.swift in Sources */ = {isa = PBXBuildFile; fileRef = D0E222E21B73F54B00319A0B /* Activity.swift */; };
		D0E222EC1B73FC3400319A0B /* SummerCamp_Login3.png in Resources */ = {isa = PBXBuildFile; fileRef = D0E222E41B73FC3400319A0B /* SummerCamp_Login3.png */; };
		D0E222ED1B73FC3400319A0B /* sunny_san_francisco.jpg in Resources */ = {isa = PBXBuildFile; fileRef = D0E222E51B73FC3400319A0B /* sunny_san_francisco.jpg */; };
		D0E222EE1B73FC3400319A0B /* Space_w_Consistency.png in Resources */ = {isa = PBXBuildFile; fileRef = D0E222E61B73FC3400319A0B /* Space_w_Consistency.png */; };
		D0E222EF1B73FC3400319A0B /* background.png in Resources */ = {isa = PBXBuildFile; fileRef = D0E222E71B73FC3400319A0B /* background.png */; };
		D0E222F01B73FC3400319A0B /* Noise_to_Signal.png in Resources */ = {isa = PBXBuildFile; fileRef = D0E222E81B73FC3400319A0B /* Noise_to_Signal.png */; };
		D0E222F11B73FC3400319A0B /* Task_to_Value.png in Resources */ = {isa = PBXBuildFile; fileRef = D0E222E91B73FC3400319A0B /* Task_to_Value.png */; };
		D0E222F21B73FC3400319A0B /* bridgetonowhere.jpg in Resources */ = {isa = PBXBuildFile; fileRef = D0E222EA1B73FC3400319A0B /* bridgetonowhere.jpg */; };
		D0E222F31B73FC3400319A0B /* HelpfulnessGenerosity.png in Resources */ = {isa = PBXBuildFile; fileRef = D0E222EB1B73FC3400319A0B /* HelpfulnessGenerosity.png */; };
		D0E222F91B73FEFF00319A0B /* SummerCamp WatchKit Extension.appex in Embed App Extensions */ = {isa = PBXBuildFile; fileRef = D0E0FA191B73B4E500CDDB0A /* SummerCamp WatchKit Extension.appex */; settings = {ATTRIBUTES = (RemoveHeadersOnCopy, ); }; };
		D0E222FE1B74018D00319A0B /* WatchKit.framework in Frameworks */ = {isa = PBXBuildFile; fileRef = D0E222FD1B74018D00319A0B /* WatchKit.framework */; };
		D0E2230B1B74F11700319A0B /* Space_w_Consistency.gif in Resources */ = {isa = PBXBuildFile; fileRef = D0E223001B74F11700319A0B /* Space_w_Consistency.gif */; };
		D0E2230C1B74F11700319A0B /* Task_to_Value.gif in Resources */ = {isa = PBXBuildFile; fileRef = D0E223011B74F11700319A0B /* Task_to_Value.gif */; };
		D0E2230D1B74F11700319A0B /* ucb-logo (2).jpg in Resources */ = {isa = PBXBuildFile; fileRef = D0E223021B74F11700319A0B /* ucb-logo (2).jpg */; };
		D0E2230E1B74F11700319A0B /* title-text-w-bg.jpg in Resources */ = {isa = PBXBuildFile; fileRef = D0E223031B74F11700319A0B /* title-text-w-bg.jpg */; };
		D0E2230F1B74F11700319A0B /* send.png in Resources */ = {isa = PBXBuildFile; fileRef = D0E223041B74F11700319A0B /* send.png */; };
		D0E223101B74F11700319A0B /* results.png in Resources */ = {isa = PBXBuildFile; fileRef = D0E223051B74F11700319A0B /* results.png */; };
		D0E223111B74F11700319A0B /* reset.png in Resources */ = {isa = PBXBuildFile; fileRef = D0E223061B74F11700319A0B /* reset.png */; };
		D0E223121B74F11700319A0B /* Noise_to_Signal.gif in Resources */ = {isa = PBXBuildFile; fileRef = D0E223071B74F11700319A0B /* Noise_to_Signal.gif */; };
		D0E223131B74F11700319A0B /* HelpfulnessGenerosity.gif in Resources */ = {isa = PBXBuildFile; fileRef = D0E223081B74F11700319A0B /* HelpfulnessGenerosity.gif */; };
		D0E223141B74F11700319A0B /* bg-w-title.jpg in Resources */ = {isa = PBXBuildFile; fileRef = D0E223091B74F11700319A0B /* bg-w-title.jpg */; };
		D0E223151B74F11700319A0B /* bg.jpg in Resources */ = {isa = PBXBuildFile; fileRef = D0E2230A1B74F11700319A0B /* bg.jpg */; };
		D0E223191B75011000319A0B /* Space_w_Consistency.png in Resources */ = {isa = PBXBuildFile; fileRef = D0E222E61B73FC3400319A0B /* Space_w_Consistency.png */; };
		D0E2231B1B75011000319A0B /* Noise_to_Signal.png in Resources */ = {isa = PBXBuildFile; fileRef = D0E222E81B73FC3400319A0B /* Noise_to_Signal.png */; };
		D0E2231C1B75011000319A0B /* Task_to_Value.png in Resources */ = {isa = PBXBuildFile; fileRef = D0E222E91B73FC3400319A0B /* Task_to_Value.png */; };
		D0E2231E1B75011000319A0B /* HelpfulnessGenerosity.png in Resources */ = {isa = PBXBuildFile; fileRef = D0E222EB1B73FC3400319A0B /* HelpfulnessGenerosity.png */; };
		D0E2231F1B75011000319A0B /* ucb_pharma.png15474615 (1).png in Resources */ = {isa = PBXBuildFile; fileRef = D0E222C91B73CA1D00319A0B /* ucb_pharma.png15474615 (1).png */; };
		D0E223201B75011000319A0B /* ucb_pharma.png15474615 (2).png in Resources */ = {isa = PBXBuildFile; fileRef = D0E222CA1B73CA1D00319A0B /* ucb_pharma.png15474615 (2).png */; };
		D0E223211B75011000319A0B /* ucb_pharma.png15474615 (3).png in Resources */ = {isa = PBXBuildFile; fileRef = D0E222CB1B73CA1D00319A0B /* ucb_pharma.png15474615 (3).png */; };
		D0E223221B75011000319A0B /* Activity.swift in Sources */ = {isa = PBXBuildFile; fileRef = D0E222E21B73F54B00319A0B /* Activity.swift */; };
		D0E223231B75011000319A0B /* ucbwhitelogofrommedicalvideos copy 2.png in Resources */ = {isa = PBXBuildFile; fileRef = D0E222CD1B73CA1D00319A0B /* ucbwhitelogofrommedicalvideos copy 2.png */; };
		D0E223241B75011000319A0B /* ucbwhitelogofrommedicalvideos copy.png in Resources */ = {isa = PBXBuildFile; fileRef = D0E222CE1B73CA1D00319A0B /* ucbwhitelogofrommedicalvideos copy.png */; };
		D0E223251B75011000319A0B /* Space_w_Consistency.gif in Resources */ = {isa = PBXBuildFile; fileRef = D0E223001B74F11700319A0B /* Space_w_Consistency.gif */; };
		D0E223261B75011000319A0B /* Task_to_Value.gif in Resources */ = {isa = PBXBuildFile; fileRef = D0E223011B74F11700319A0B /* Task_to_Value.gif */; };
		D0E223271B75011000319A0B /* ucb-logo (2).jpg in Resources */ = {isa = PBXBuildFile; fileRef = D0E223021B74F11700319A0B /* ucb-logo (2).jpg */; };
		D0E223291B75011000319A0B /* send.png in Resources */ = {isa = PBXBuildFile; fileRef = D0E223041B74F11700319A0B /* send.png */; };
		D0E2232A1B75011000319A0B /* results.png in Resources */ = {isa = PBXBuildFile; fileRef = D0E223051B74F11700319A0B /* results.png */; };
		D0E2232B1B75011000319A0B /* reset.png in Resources */ = {isa = PBXBuildFile; fileRef = D0E223061B74F11700319A0B /* reset.png */; };
		D0E2232C1B75011000319A0B /* Noise_to_Signal.gif in Resources */ = {isa = PBXBuildFile; fileRef = D0E223071B74F11700319A0B /* Noise_to_Signal.gif */; };
		D0E2232D1B75011000319A0B /* HelpfulnessGenerosity.gif in Resources */ = {isa = PBXBuildFile; fileRef = D0E223081B74F11700319A0B /* HelpfulnessGenerosity.gif */; };
		D0E223301B75014100319A0B /* ucb_pharma.png15474615 (1).png in Resources */ = {isa = PBXBuildFile; fileRef = D0E222C91B73CA1D00319A0B /* ucb_pharma.png15474615 (1).png */; };
		D0E223331B75014900319A0B /* Space_w_Consistency.png in Resources */ = {isa = PBXBuildFile; fileRef = D0E222E61B73FC3400319A0B /* Space_w_Consistency.png */; };
		D0E223341B75014C00319A0B /* Noise_to_Signal.png in Resources */ = {isa = PBXBuildFile; fileRef = D0E222E81B73FC3400319A0B /* Noise_to_Signal.png */; };
		D0E223381B75026D00319A0B /* Task_to_Value.png in Resources */ = {isa = PBXBuildFile; fileRef = D0E222E91B73FC3400319A0B /* Task_to_Value.png */; };
		D0E2233A1B75027900319A0B /* HelpfulnessGenerosity.png in Resources */ = {isa = PBXBuildFile; fileRef = D0E222EB1B73FC3400319A0B /* HelpfulnessGenerosity.png */; };
		D0E2233B1B75027D00319A0B /* ucb_pharma.png15474615 (2).png in Resources */ = {isa = PBXBuildFile; fileRef = D0E222CA1B73CA1D00319A0B /* ucb_pharma.png15474615 (2).png */; };
		D0E2233C1B75027F00319A0B /* ucb_pharma.png15474615 (3).png in Resources */ = {isa = PBXBuildFile; fileRef = D0E222CB1B73CA1D00319A0B /* ucb_pharma.png15474615 (3).png */; };
		D0E2233D1B75028800319A0B /* ucbwhitelogofrommedicalvideos copy 2.png in Resources */ = {isa = PBXBuildFile; fileRef = D0E222CD1B73CA1D00319A0B /* ucbwhitelogofrommedicalvideos copy 2.png */; };
		D0E2233E1B75028A00319A0B /* ucbwhitelogofrommedicalvideos copy.png in Resources */ = {isa = PBXBuildFile; fileRef = D0E222CE1B73CA1D00319A0B /* ucbwhitelogofrommedicalvideos copy.png */; };
		D0E2233F1B75028F00319A0B /* Space_w_Consistency.gif in Resources */ = {isa = PBXBuildFile; fileRef = D0E223001B74F11700319A0B /* Space_w_Consistency.gif */; };
		D0E223401B75028F00319A0B /* Task_to_Value.gif in Resources */ = {isa = PBXBuildFile; fileRef = D0E223011B74F11700319A0B /* Task_to_Value.gif */; };
		D0E223411B75028F00319A0B /* ucb-logo (2).jpg in Resources */ = {isa = PBXBuildFile; fileRef = D0E223021B74F11700319A0B /* ucb-logo (2).jpg */; };
		D0E223431B75029400319A0B /* send.png in Resources */ = {isa = PBXBuildFile; fileRef = D0E223041B74F11700319A0B /* send.png */; };
		D0E223441B75029400319A0B /* results.png in Resources */ = {isa = PBXBuildFile; fileRef = D0E223051B74F11700319A0B /* results.png */; };
		D0E223451B75029800319A0B /* reset.png in Resources */ = {isa = PBXBuildFile; fileRef = D0E223061B74F11700319A0B /* reset.png */; };
		D0E223461B75029800319A0B /* Noise_to_Signal.gif in Resources */ = {isa = PBXBuildFile; fileRef = D0E223071B74F11700319A0B /* Noise_to_Signal.gif */; };
		D0E223471B75029800319A0B /* HelpfulnessGenerosity.gif in Resources */ = {isa = PBXBuildFile; fileRef = D0E223081B74F11700319A0B /* HelpfulnessGenerosity.gif */; };
		D0E2234B1B7517FD00319A0B /* ActivityScreenInterfaceController.swift in Sources */ = {isa = PBXBuildFile; fileRef = D0E2234A1B7517FD00319A0B /* ActivityScreenInterfaceController.swift */; };
		D0E2234D1B75180700319A0B /* yesno.swift in Sources */ = {isa = PBXBuildFile; fileRef = D0E2234C1B75180700319A0B /* yesno.swift */; };
		D0E2234F1B75181400319A0B /* SliderInterfaceController.swift in Sources */ = {isa = PBXBuildFile; fileRef = D0E2234E1B75181400319A0B /* SliderInterfaceController.swift */; };
		D0E223511B75181D00319A0B /* emoji.swift in Sources */ = {isa = PBXBuildFile; fileRef = D0E223501B75181D00319A0B /* emoji.swift */; };
		D0E223531B75182600319A0B /* ActivityInterfaceController.swift in Sources */ = {isa = PBXBuildFile; fileRef = D0E223521B75182600319A0B /* ActivityInterfaceController.swift */; };
		D0E223551B75285B00319A0B /* loadInterfaceController.swift in Sources */ = {isa = PBXBuildFile; fileRef = D0E223541B75285B00319A0B /* loadInterfaceController.swift */; };
		D0E223571B752CEA00319A0B /* middle2ViewController.swift in Sources */ = {isa = PBXBuildFile; fileRef = D0E223561B752CEA00319A0B /* middle2ViewController.swift */; };
		D0E223591B7530FC00319A0B /* Employee.swift in Sources */ = {isa = PBXBuildFile; fileRef = D0E223581B7530FC00319A0B /* Employee.swift */; };
/* End PBXBuildFile section */

/* Begin PBXContainerItemProxy section */
		D0E0F9E11B73B4CF00CDDB0A /* PBXContainerItemProxy */ = {
			isa = PBXContainerItemProxy;
			containerPortal = D0E0F9C01B73B4CF00CDDB0A /* Project object */;
			proxyType = 1;
			remoteGlobalIDString = D0E0F9C71B73B4CF00CDDB0A;
			remoteInfo = SummerCamp;
		};
		D0E0FA011B73B4DB00CDDB0A /* PBXContainerItemProxy */ = {
			isa = PBXContainerItemProxy;
			containerPortal = D0E0F9C01B73B4CF00CDDB0A /* Project object */;
			proxyType = 1;
			remoteGlobalIDString = D0E0F9F41B73B4DB00CDDB0A;
			remoteInfo = WatchCoreDataProxy;
		};
		D0E0FA031B73B4DB00CDDB0A /* PBXContainerItemProxy */ = {
			isa = PBXContainerItemProxy;
			containerPortal = D0E0F9C01B73B4CF00CDDB0A /* Project object */;
			proxyType = 1;
			remoteGlobalIDString = D0E0F9C71B73B4CF00CDDB0A;
			remoteInfo = SummerCamp;
		};
		D0E0FA2A1B73B4E500CDDB0A /* PBXContainerItemProxy */ = {
			isa = PBXContainerItemProxy;
			containerPortal = D0E0F9C01B73B4CF00CDDB0A /* Project object */;
			proxyType = 1;
			remoteGlobalIDString = D0E0FA271B73B4E500CDDB0A;
			remoteInfo = "SummerCamp WatchKit App";
		};
		D0E222FA1B73FEFF00319A0B /* PBXContainerItemProxy */ = {
			isa = PBXContainerItemProxy;
			containerPortal = D0E0F9C01B73B4CF00CDDB0A /* Project object */;
			proxyType = 1;
			remoteGlobalIDString = D0E0FA181B73B4E500CDDB0A;
			remoteInfo = "SummerCamp WatchKit Extension";
		};
/* End PBXContainerItemProxy section */

/* Begin PBXCopyFilesBuildPhase section */
		D0E222FC1B73FF0000319A0B /* Embed App Extensions */ = {
			isa = PBXCopyFilesBuildPhase;
			buildActionMask = 2147483647;
			dstPath = "";
			dstSubfolderSpec = 13;
			files = (
				D0E222F91B73FEFF00319A0B /* SummerCamp WatchKit Extension.appex in Embed App Extensions */,
			);
			name = "Embed App Extensions";
			runOnlyForDeploymentPostprocessing = 0;
		};
/* End PBXCopyFilesBuildPhase section */

/* Begin PBXFileReference section */
		D01DBC861B7BBF1C002F6052 /* icon-user-default.png */ = {isa = PBXFileReference; lastKnownFileType = image.png; name = "icon-user-default.png"; path = "../../../../Downloads/icon-user-default.png"; sourceTree = "<group>"; };
		D01FE14D1B7A5A5900425F31 /* SwiftyJSON.swift */ = {isa = PBXFileReference; fileEncoding = 4; lastKnownFileType = sourcecode.swift; path = SwiftyJSON.swift; sourceTree = "<group>"; };
		D01FE14F1B7A6C9A00425F31 /* AdHocAlert_generic.png */ = {isa = PBXFileReference; lastKnownFileType = image.png; name = AdHocAlert_generic.png; path = ../../../../Downloads/AdHocAlert_generic.png; sourceTree = "<group>"; };
		D01FE1501B7A6C9A00425F31 /* default_herman_question.png */ = {isa = PBXFileReference; lastKnownFileType = image.png; name = default_herman_question.png; path = ../../../../Downloads/default_herman_question.png; sourceTree = "<group>"; };
		D01FE1511B7A6C9A00425F31 /* AdHocAlert.png */ = {isa = PBXFileReference; lastKnownFileType = image.png; name = AdHocAlert.png; path = ../../../../Downloads/AdHocAlert.png; sourceTree = "<group>"; };
		D01FE1521B7A6C9A00425F31 /* AdHocActivity.png */ = {isa = PBXFileReference; lastKnownFileType = image.png; name = AdHocActivity.png; path = ../../../../Downloads/AdHocActivity.png; sourceTree = "<group>"; };
		D01FE1531B7A6C9A00425F31 /* 05_knocked_out.png */ = {isa = PBXFileReference; lastKnownFileType = image.png; name = 05_knocked_out.png; path = ../../../../Downloads/05_knocked_out.png; sourceTree = "<group>"; };
		D01FE1541B7A6C9A00425F31 /* 04_happy.png */ = {isa = PBXFileReference; lastKnownFileType = image.png; name = 04_happy.png; path = ../../../../Downloads/04_happy.png; sourceTree = "<group>"; };
		D01FE1551B7A6C9A00425F31 /* 03_content.png */ = {isa = PBXFileReference; lastKnownFileType = image.png; name = 03_content.png; path = ../../../../Downloads/03_content.png; sourceTree = "<group>"; };
		D01FE1561B7A6C9A00425F31 /* 02_neutral.png */ = {isa = PBXFileReference; lastKnownFileType = image.png; name = 02_neutral.png; path = ../../../../Downloads/02_neutral.png; sourceTree = "<group>"; };
		D01FE1571B7A6C9A00425F31 /* 01_sleeping.png */ = {isa = PBXFileReference; lastKnownFileType = image.png; name = 01_sleeping.png; path = ../../../../Downloads/01_sleeping.png; sourceTree = "<group>"; };
		D01FE1621B7A967D00425F31 /* App Icon [Rounded] */ = {isa = PBXFileReference; lastKnownFileType = folder; name = "App Icon [Rounded]"; path = "../../../../Downloads/App-Icons-Bridge-Options/Option2/App Icon [Rounded]"; sourceTree = "<group>"; };
		D01FE1631B7A967D00425F31 /* App Icon [Squared] */ = {isa = PBXFileReference; lastKnownFileType = folder; name = "App Icon [Squared]"; path = "../../../../Downloads/App-Icons-Bridge-Options/Option2/App Icon [Squared]"; sourceTree = "<group>"; };
		D0243E831B793202001C5738 /* NoiseNotificationController.swift */ = {isa = PBXFileReference; fileEncoding = 4; lastKnownFileType = sourcecode.swift; path = NoiseNotificationController.swift; sourceTree = "<group>"; };
		D0243E851B793211001C5738 /* HelpfulnessNotificationController.swift */ = {isa = PBXFileReference; fileEncoding = 4; lastKnownFileType = sourcecode.swift; path = HelpfulnessNotificationController.swift; sourceTree = "<group>"; };
		D0243E871B79321E001C5738 /* SpaceNotificationController.swift */ = {isa = PBXFileReference; fileEncoding = 4; lastKnownFileType = sourcecode.swift; path = SpaceNotificationController.swift; sourceTree = "<group>"; };
		D0243E891B793226001C5738 /* TaskNotificationController.swift */ = {isa = PBXFileReference; fileEncoding = 4; lastKnownFileType = sourcecode.swift; path = TaskNotificationController.swift; sourceTree = "<group>"; };
		D0C4446F1B73C6150084111F /* Activity.swift */ = {isa = PBXFileReference; fileEncoding = 4; lastKnownFileType = sourcecode.swift; name = Activity.swift; path = ../WatchCoreDataProxy/Activity.swift; sourceTree = "<group>"; };
		D0C444731B73C76A0084111F /* SummerCamp.entitlements */ = {isa = PBXFileReference; lastKnownFileType = text.xml; path = SummerCamp.entitlements; sourceTree = "<group>"; };
		D0C444741B73C7820084111F /* SummerCamp WatchKit Extension.entitlements */ = {isa = PBXFileReference; lastKnownFileType = text.xml; path = "SummerCamp WatchKit Extension.entitlements"; sourceTree = "<group>"; };
		D0D80A981B78DEA800EB11FA /* sliderengagement.swift */ = {isa = PBXFileReference; fileEncoding = 4; lastKnownFileType = sourcecode.swift; path = sliderengagement.swift; sourceTree = "<group>"; };
		D0E0F9C81B73B4CF00CDDB0A /* SummerCamp.app */ = {isa = PBXFileReference; explicitFileType = wrapper.application; includeInIndex = 0; path = SummerCamp.app; sourceTree = BUILT_PRODUCTS_DIR; };
		D0E0F9CC1B73B4CF00CDDB0A /* Info.plist */ = {isa = PBXFileReference; lastKnownFileType = text.plist.xml; path = Info.plist; sourceTree = "<group>"; };
		D0E0F9CD1B73B4CF00CDDB0A /* AppDelegate.swift */ = {isa = PBXFileReference; lastKnownFileType = sourcecode.swift; path = AppDelegate.swift; sourceTree = "<group>"; };
		D0E0F9D01B73B4CF00CDDB0A /* SummerCamp.xcdatamodel */ = {isa = PBXFileReference; lastKnownFileType = wrapper.xcdatamodel; path = SummerCamp.xcdatamodel; sourceTree = "<group>"; };
		D0E0F9D21B73B4CF00CDDB0A /* ViewController.swift */ = {isa = PBXFileReference; lastKnownFileType = sourcecode.swift; path = ViewController.swift; sourceTree = "<group>"; };
		D0E0F9D51B73B4CF00CDDB0A /* Base */ = {isa = PBXFileReference; lastKnownFileType = file.storyboard; name = Base; path = Base.lproj/Main.storyboard; sourceTree = "<group>"; };
		D0E0F9D71B73B4CF00CDDB0A /* Images.xcassets */ = {isa = PBXFileReference; lastKnownFileType = folder.assetcatalog; path = Images.xcassets; sourceTree = "<group>"; };
		D0E0F9DA1B73B4CF00CDDB0A /* Base */ = {isa = PBXFileReference; lastKnownFileType = file.xib; name = Base; path = Base.lproj/LaunchScreen.xib; sourceTree = "<group>"; };
		D0E0F9E01B73B4CF00CDDB0A /* SummerCampTests.xctest */ = {isa = PBXFileReference; explicitFileType = wrapper.cfbundle; includeInIndex = 0; path = SummerCampTests.xctest; sourceTree = BUILT_PRODUCTS_DIR; };
		D0E0F9E51B73B4CF00CDDB0A /* Info.plist */ = {isa = PBXFileReference; lastKnownFileType = text.plist.xml; path = Info.plist; sourceTree = "<group>"; };
		D0E0F9E61B73B4CF00CDDB0A /* SummerCampTests.swift */ = {isa = PBXFileReference; lastKnownFileType = sourcecode.swift; path = SummerCampTests.swift; sourceTree = "<group>"; };
		D0E0F9F51B73B4DB00CDDB0A /* WatchCoreDataProxy.framework */ = {isa = PBXFileReference; explicitFileType = wrapper.framework; includeInIndex = 0; path = WatchCoreDataProxy.framework; sourceTree = BUILT_PRODUCTS_DIR; };
		D0E0F9FF1B73B4DB00CDDB0A /* WatchCoreDataProxyTests.xctest */ = {isa = PBXFileReference; explicitFileType = wrapper.cfbundle; includeInIndex = 0; path = WatchCoreDataProxyTests.xctest; sourceTree = BUILT_PRODUCTS_DIR; };
		D0E0FA191B73B4E500CDDB0A /* SummerCamp WatchKit Extension.appex */ = {isa = PBXFileReference; explicitFileType = "wrapper.app-extension"; includeInIndex = 0; path = "SummerCamp WatchKit Extension.appex"; sourceTree = BUILT_PRODUCTS_DIR; };
		D0E0FA1C1B73B4E500CDDB0A /* Info.plist */ = {isa = PBXFileReference; lastKnownFileType = text.plist.xml; path = Info.plist; sourceTree = "<group>"; };
		D0E0FA1D1B73B4E500CDDB0A /* PushNotificationPayload.apns */ = {isa = PBXFileReference; lastKnownFileType = text; path = PushNotificationPayload.apns; sourceTree = "<group>"; };
		D0E0FA1E1B73B4E500CDDB0A /* slider.swift */ = {isa = PBXFileReference; lastKnownFileType = sourcecode.swift; path = slider.swift; sourceTree = "<group>"; };
		D0E0FA201B73B4E500CDDB0A /* NotificationController.swift */ = {isa = PBXFileReference; lastKnownFileType = sourcecode.swift; path = NotificationController.swift; sourceTree = "<group>"; };
		D0E0FA221B73B4E500CDDB0A /* GlanceController.swift */ = {isa = PBXFileReference; lastKnownFileType = sourcecode.swift; path = GlanceController.swift; sourceTree = "<group>"; };
		D0E0FA241B73B4E500CDDB0A /* Images.xcassets */ = {isa = PBXFileReference; lastKnownFileType = folder.assetcatalog; path = Images.xcassets; sourceTree = "<group>"; };
		D0E0FA281B73B4E500CDDB0A /* SummerCamp WatchKit App.app */ = {isa = PBXFileReference; explicitFileType = wrapper.application; includeInIndex = 0; path = "SummerCamp WatchKit App.app"; sourceTree = BUILT_PRODUCTS_DIR; };
		D0E0FA2E1B73B4E500CDDB0A /* Info.plist */ = {isa = PBXFileReference; lastKnownFileType = text.plist.xml; path = Info.plist; sourceTree = "<group>"; };
		D0E0FA301B73B4E500CDDB0A /* Base */ = {isa = PBXFileReference; lastKnownFileType = file.storyboard; name = Base; path = Base.lproj/Interface.storyboard; sourceTree = "<group>"; };
		D0E0FA321B73B4E500CDDB0A /* Images.xcassets */ = {isa = PBXFileReference; lastKnownFileType = folder.assetcatalog; path = Images.xcassets; sourceTree = "<group>"; };
		D0E222C91B73CA1D00319A0B /* ucb_pharma.png15474615 (1).png */ = {isa = PBXFileReference; lastKnownFileType = image.png; name = "ucb_pharma.png15474615 (1).png"; path = "../../thirdSurvey/thirdSurvey WatchKit App/ucb_pharma.png15474615 (1).png"; sourceTree = "<group>"; };
		D0E222CA1B73CA1D00319A0B /* ucb_pharma.png15474615 (2).png */ = {isa = PBXFileReference; lastKnownFileType = image.png; name = "ucb_pharma.png15474615 (2).png"; path = "../../thirdSurvey/thirdSurvey WatchKit App/ucb_pharma.png15474615 (2).png"; sourceTree = "<group>"; };
		D0E222CB1B73CA1D00319A0B /* ucb_pharma.png15474615 (3).png */ = {isa = PBXFileReference; lastKnownFileType = image.png; name = "ucb_pharma.png15474615 (3).png"; path = "../../thirdSurvey/thirdSurvey WatchKit App/ucb_pharma.png15474615 (3).png"; sourceTree = "<group>"; };
		D0E222CD1B73CA1D00319A0B /* ucbwhitelogofrommedicalvideos copy 2.png */ = {isa = PBXFileReference; lastKnownFileType = image.png; name = "ucbwhitelogofrommedicalvideos copy 2.png"; path = "../../thirdSurvey/thirdSurvey/ucbwhitelogofrommedicalvideos copy 2.png"; sourceTree = "<group>"; };
		D0E222CE1B73CA1D00319A0B /* ucbwhitelogofrommedicalvideos copy.png */ = {isa = PBXFileReference; lastKnownFileType = image.png; name = "ucbwhitelogofrommedicalvideos copy.png"; path = "../../thirdSurvey/thirdSurvey/ucbwhitelogofrommedicalvideos copy.png"; sourceTree = "<group>"; };
		D0E222D51B73DAE900319A0B /* ActivityTableViewController.swift */ = {isa = PBXFileReference; fileEncoding = 4; lastKnownFileType = sourcecode.swift; path = ActivityTableViewController.swift; sourceTree = "<group>"; };
		D0E222D71B73DAF500319A0B /* MiddleViewController.swift */ = {isa = PBXFileReference; fileEncoding = 4; lastKnownFileType = sourcecode.swift; path = MiddleViewController.swift; sourceTree = "<group>"; };
		D0E222D91B73EFBC00319A0B /* SwiftyJSON.swift */ = {isa = PBXFileReference; fileEncoding = 4; lastKnownFileType = sourcecode.swift; path = SwiftyJSON.swift; sourceTree = "<group>"; };
		D0E222DB1B73F34D00319A0B /* CoreData.framework */ = {isa = PBXFileReference; lastKnownFileType = wrapper.framework; name = CoreData.framework; path = System/Library/Frameworks/CoreData.framework; sourceTree = SDKROOT; };
		D0E222E21B73F54B00319A0B /* Activity.swift */ = {isa = PBXFileReference; fileEncoding = 4; lastKnownFileType = sourcecode.swift; name = Activity.swift; path = ../SummerCamp/Activity.swift; sourceTree = "<group>"; };
		D0E222E41B73FC3400319A0B /* SummerCamp_Login3.png */ = {isa = PBXFileReference; lastKnownFileType = image.png; name = SummerCamp_Login3.png; path = ../../../../Downloads/SummerCamp_Login3.png; sourceTree = "<group>"; };
		D0E222E51B73FC3400319A0B /* sunny_san_francisco.jpg */ = {isa = PBXFileReference; lastKnownFileType = image.jpeg; name = sunny_san_francisco.jpg; path = ../../../../Downloads/sunny_san_francisco.jpg; sourceTree = "<group>"; };
		D0E222E61B73FC3400319A0B /* Space_w_Consistency.png */ = {isa = PBXFileReference; lastKnownFileType = image.png; name = Space_w_Consistency.png; path = ../../../../Downloads/Space_w_Consistency.png; sourceTree = "<group>"; };
		D0E222E71B73FC3400319A0B /* background.png */ = {isa = PBXFileReference; lastKnownFileType = image.png; name = background.png; path = ../../../../Downloads/background.png; sourceTree = "<group>"; };
		D0E222E81B73FC3400319A0B /* Noise_to_Signal.png */ = {isa = PBXFileReference; lastKnownFileType = image.png; name = Noise_to_Signal.png; path = ../../../../Downloads/Noise_to_Signal.png; sourceTree = "<group>"; };
		D0E222E91B73FC3400319A0B /* Task_to_Value.png */ = {isa = PBXFileReference; lastKnownFileType = image.png; name = Task_to_Value.png; path = ../../../../Downloads/Task_to_Value.png; sourceTree = "<group>"; };
		D0E222EA1B73FC3400319A0B /* bridgetonowhere.jpg */ = {isa = PBXFileReference; lastKnownFileType = image.jpeg; name = bridgetonowhere.jpg; path = ../../../../Downloads/bridgetonowhere.jpg; sourceTree = "<group>"; };
		D0E222EB1B73FC3400319A0B /* HelpfulnessGenerosity.png */ = {isa = PBXFileReference; lastKnownFileType = image.png; name = HelpfulnessGenerosity.png; path = ../../../../Downloads/HelpfulnessGenerosity.png; sourceTree = "<group>"; };
		D0E222FD1B74018D00319A0B /* WatchKit.framework */ = {isa = PBXFileReference; lastKnownFileType = wrapper.framework; name = WatchKit.framework; path = System/Library/Frameworks/WatchKit.framework; sourceTree = SDKROOT; };
		D0E223001B74F11700319A0B /* Space_w_Consistency.gif */ = {isa = PBXFileReference; lastKnownFileType = image.gif; name = Space_w_Consistency.gif; path = ../../../../Downloads/Space_w_Consistency.gif; sourceTree = "<group>"; };
		D0E223011B74F11700319A0B /* Task_to_Value.gif */ = {isa = PBXFileReference; lastKnownFileType = image.gif; name = Task_to_Value.gif; path = ../../../../Downloads/Task_to_Value.gif; sourceTree = "<group>"; };
		D0E223021B74F11700319A0B /* ucb-logo (2).jpg */ = {isa = PBXFileReference; lastKnownFileType = image.jpeg; name = "ucb-logo (2).jpg"; path = "../../../../Downloads/ucb-logo (2).jpg"; sourceTree = "<group>"; };
		D0E223031B74F11700319A0B /* title-text-w-bg.jpg */ = {isa = PBXFileReference; lastKnownFileType = image.jpeg; name = "title-text-w-bg.jpg"; path = "../../../../Downloads/title-text-w-bg.jpg"; sourceTree = "<group>"; };
		D0E223041B74F11700319A0B /* send.png */ = {isa = PBXFileReference; lastKnownFileType = image.png; name = send.png; path = ../../../../Downloads/send.png; sourceTree = "<group>"; };
		D0E223051B74F11700319A0B /* results.png */ = {isa = PBXFileReference; lastKnownFileType = image.png; name = results.png; path = ../../../../Downloads/results.png; sourceTree = "<group>"; };
		D0E223061B74F11700319A0B /* reset.png */ = {isa = PBXFileReference; lastKnownFileType = image.png; name = reset.png; path = ../../../../Downloads/reset.png; sourceTree = "<group>"; };
		D0E223071B74F11700319A0B /* Noise_to_Signal.gif */ = {isa = PBXFileReference; lastKnownFileType = image.gif; name = Noise_to_Signal.gif; path = ../../../../Downloads/Noise_to_Signal.gif; sourceTree = "<group>"; };
		D0E223081B74F11700319A0B /* HelpfulnessGenerosity.gif */ = {isa = PBXFileReference; lastKnownFileType = image.gif; name = HelpfulnessGenerosity.gif; path = ../../../../Downloads/HelpfulnessGenerosity.gif; sourceTree = "<group>"; };
		D0E223091B74F11700319A0B /* bg-w-title.jpg */ = {isa = PBXFileReference; lastKnownFileType = image.jpeg; name = "bg-w-title.jpg"; path = "../../../../Downloads/bg-w-title.jpg"; sourceTree = "<group>"; };
		D0E2230A1B74F11700319A0B /* bg.jpg */ = {isa = PBXFileReference; lastKnownFileType = image.jpeg; name = bg.jpg; path = ../../../../Downloads/bg.jpg; sourceTree = "<group>"; };
		D0E2234A1B7517FD00319A0B /* ActivityScreenInterfaceController.swift */ = {isa = PBXFileReference; fileEncoding = 4; lastKnownFileType = sourcecode.swift; path = ActivityScreenInterfaceController.swift; sourceTree = "<group>"; };
		D0E2234C1B75180700319A0B /* yesno.swift */ = {isa = PBXFileReference; fileEncoding = 4; lastKnownFileType = sourcecode.swift; path = yesno.swift; sourceTree = "<group>"; };
		D0E2234E1B75181400319A0B /* SliderInterfaceController.swift */ = {isa = PBXFileReference; fileEncoding = 4; lastKnownFileType = sourcecode.swift; path = SliderInterfaceController.swift; sourceTree = "<group>"; };
		D0E223501B75181D00319A0B /* emoji.swift */ = {isa = PBXFileReference; fileEncoding = 4; lastKnownFileType = sourcecode.swift; path = emoji.swift; sourceTree = "<group>"; };
		D0E223521B75182600319A0B /* ActivityInterfaceController.swift */ = {isa = PBXFileReference; fileEncoding = 4; lastKnownFileType = sourcecode.swift; path = ActivityInterfaceController.swift; sourceTree = "<group>"; };
		D0E223541B75285B00319A0B /* loadInterfaceController.swift */ = {isa = PBXFileReference; fileEncoding = 4; lastKnownFileType = sourcecode.swift; path = loadInterfaceController.swift; sourceTree = "<group>"; };
		D0E223561B752CEA00319A0B /* middle2ViewController.swift */ = {isa = PBXFileReference; fileEncoding = 4; lastKnownFileType = sourcecode.swift; path = middle2ViewController.swift; sourceTree = "<group>"; };
		D0E223581B7530FC00319A0B /* Employee.swift */ = {isa = PBXFileReference; fileEncoding = 4; lastKnownFileType = sourcecode.swift; path = Employee.swift; sourceTree = "<group>"; };
/* End PBXFileReference section */

/* Begin PBXFrameworksBuildPhase section */
		D0E0F9C51B73B4CF00CDDB0A /* Frameworks */ = {
			isa = PBXFrameworksBuildPhase;
			buildActionMask = 2147483647;
			files = (
			);
			runOnlyForDeploymentPostprocessing = 0;
		};
		D0E0F9DD1B73B4CF00CDDB0A /* Frameworks */ = {
			isa = PBXFrameworksBuildPhase;
			buildActionMask = 2147483647;
			files = (
				D0E222E01B73F51300319A0B /* CoreData.framework in Frameworks */,
			);
			runOnlyForDeploymentPostprocessing = 0;
		};
		D0E0F9F11B73B4DB00CDDB0A /* Frameworks */ = {
			isa = PBXFrameworksBuildPhase;
			buildActionMask = 2147483647;
			files = (
			);
			runOnlyForDeploymentPostprocessing = 0;
		};
		D0E0F9FC1B73B4DB00CDDB0A /* Frameworks */ = {
			isa = PBXFrameworksBuildPhase;
			buildActionMask = 2147483647;
			files = (
				D0E0FA001B73B4DB00CDDB0A /* WatchCoreDataProxy.framework in Frameworks */,
			);
			runOnlyForDeploymentPostprocessing = 0;
		};
		D0E0FA161B73B4E500CDDB0A /* Frameworks */ = {
			isa = PBXFrameworksBuildPhase;
			buildActionMask = 2147483647;
			files = (
				D0E222FE1B74018D00319A0B /* WatchKit.framework in Frameworks */,
			);
			runOnlyForDeploymentPostprocessing = 0;
		};
/* End PBXFrameworksBuildPhase section */

/* Begin PBXGroup section */
		D01FE1611B7A966600425F31 /* appiconb4dploy */ = {
			isa = PBXGroup;
			children = (
				D01FE1621B7A967D00425F31 /* App Icon [Rounded] */,
				D01FE1631B7A967D00425F31 /* App Icon [Squared] */,
			);
			name = appiconb4dploy;
			sourceTree = "<group>";
		};
		D0E0F9BF1B73B4CF00CDDB0A = {
			isa = PBXGroup;
			children = (
				D0E222FD1B74018D00319A0B /* WatchKit.framework */,
				D0E222DB1B73F34D00319A0B /* CoreData.framework */,
				D0E0F9CA1B73B4CF00CDDB0A /* SummerCamp */,
				D0E0F9E31B73B4CF00CDDB0A /* SummerCampTests */,
				D0E0FA1A1B73B4E500CDDB0A /* SummerCamp WatchKit Extension */,
				D0E0FA2C1B73B4E500CDDB0A /* SummerCamp WatchKit App */,
				D0E0F9C91B73B4CF00CDDB0A /* Products */,
			);
			sourceTree = "<group>";
		};
		D0E0F9C91B73B4CF00CDDB0A /* Products */ = {
			isa = PBXGroup;
			children = (
				D0E0F9C81B73B4CF00CDDB0A /* SummerCamp.app */,
				D0E0F9E01B73B4CF00CDDB0A /* SummerCampTests.xctest */,
				D0E0F9F51B73B4DB00CDDB0A /* WatchCoreDataProxy.framework */,
				D0E0F9FF1B73B4DB00CDDB0A /* WatchCoreDataProxyTests.xctest */,
				D0E0FA191B73B4E500CDDB0A /* SummerCamp WatchKit Extension.appex */,
				D0E0FA281B73B4E500CDDB0A /* SummerCamp WatchKit App.app */,
			);
			name = Products;
			sourceTree = "<group>";
		};
		D0E0F9CA1B73B4CF00CDDB0A /* SummerCamp */ = {
			isa = PBXGroup;
			children = (
				D0C444731B73C76A0084111F /* SummerCamp.entitlements */,
				D0E0F9CD1B73B4CF00CDDB0A /* AppDelegate.swift */,
				D0E0F9D21B73B4CF00CDDB0A /* ViewController.swift */,
				D0E223561B752CEA00319A0B /* middle2ViewController.swift */,
				D0E222D51B73DAE900319A0B /* ActivityTableViewController.swift */,
				D0E0F9D41B73B4CF00CDDB0A /* Main.storyboard */,
				D0E222D71B73DAF500319A0B /* MiddleViewController.swift */,
				D0E0F9D71B73B4CF00CDDB0A /* Images.xcassets */,
				D0E0F9D91B73B4CF00CDDB0A /* LaunchScreen.xib */,
				D0E222D91B73EFBC00319A0B /* SwiftyJSON.swift */,
				D0E0F9CF1B73B4CF00CDDB0A /* SummerCamp.xcdatamodeld */,
				D0C4446F1B73C6150084111F /* Activity.swift */,
				D0E223581B7530FC00319A0B /* Employee.swift */,
				D0E0F9CB1B73B4CF00CDDB0A /* Supporting Files */,
			);
			path = SummerCamp;
			sourceTree = "<group>";
		};
		D0E0F9CB1B73B4CF00CDDB0A /* Supporting Files */ = {
			isa = PBXGroup;
			children = (
				D01FE1611B7A966600425F31 /* appiconb4dploy */,
				D0E0F9CC1B73B4CF00CDDB0A /* Info.plist */,
				D01DBC861B7BBF1C002F6052 /* icon-user-default.png */,
			);
			name = "Supporting Files";
			sourceTree = "<group>";
		};
		D0E0F9E31B73B4CF00CDDB0A /* SummerCampTests */ = {
			isa = PBXGroup;
			children = (
				D0E0F9E61B73B4CF00CDDB0A /* SummerCampTests.swift */,
				D0E0F9E41B73B4CF00CDDB0A /* Supporting Files */,
			);
			path = SummerCampTests;
			sourceTree = "<group>";
		};
		D0E0F9E41B73B4CF00CDDB0A /* Supporting Files */ = {
			isa = PBXGroup;
			children = (
				D0E0F9E51B73B4CF00CDDB0A /* Info.plist */,
			);
			name = "Supporting Files";
			sourceTree = "<group>";
		};
		D0E0FA1A1B73B4E500CDDB0A /* SummerCamp WatchKit Extension */ = {
			isa = PBXGroup;
			children = (
				D0C444741B73C7820084111F /* SummerCamp WatchKit Extension.entitlements */,
				D0E0FA1E1B73B4E500CDDB0A /* slider.swift */,
				D0E2234C1B75180700319A0B /* yesno.swift */,
				D0D80A981B78DEA800EB11FA /* sliderengagement.swift */,
				D0E223501B75181D00319A0B /* emoji.swift */,
				D0E2234A1B7517FD00319A0B /* ActivityScreenInterfaceController.swift */,
				D0E223521B75182600319A0B /* ActivityInterfaceController.swift */,
				D0E2234E1B75181400319A0B /* SliderInterfaceController.swift */,
				D01FE14D1B7A5A5900425F31 /* SwiftyJSON.swift */,
				D0243E891B793226001C5738 /* TaskNotificationController.swift */,
				D0243E851B793211001C5738 /* HelpfulnessNotificationController.swift */,
				D0243E831B793202001C5738 /* NoiseNotificationController.swift */,
				D0243E871B79321E001C5738 /* SpaceNotificationController.swift */,
				D0E223541B75285B00319A0B /* loadInterfaceController.swift */,
				D0E0FA201B73B4E500CDDB0A /* NotificationController.swift */,
				D0E0FA221B73B4E500CDDB0A /* GlanceController.swift */,
				D0E0FA241B73B4E500CDDB0A /* Images.xcassets */,
				D0E0FA1B1B73B4E500CDDB0A /* Supporting Files */,
			);
			path = "SummerCamp WatchKit Extension";
			sourceTree = "<group>";
		};
		D0E0FA1B1B73B4E500CDDB0A /* Supporting Files */ = {
			isa = PBXGroup;
			children = (
				D0E223161B74FFD100319A0B /* pix */,
				D0E0FA1C1B73B4E500CDDB0A /* Info.plist */,
				D0E0FA1D1B73B4E500CDDB0A /* PushNotificationPayload.apns */,
			);
			name = "Supporting Files";
			sourceTree = "<group>";
		};
		D0E0FA2C1B73B4E500CDDB0A /* SummerCamp WatchKit App */ = {
			isa = PBXGroup;
			children = (
				D0E0FA2F1B73B4E500CDDB0A /* Interface.storyboard */,
				D0E0FA321B73B4E500CDDB0A /* Images.xcassets */,
				D0E0FA2D1B73B4E500CDDB0A /* Supporting Files */,
			);
			path = "SummerCamp WatchKit App";
			sourceTree = "<group>";
		};
		D0E0FA2D1B73B4E500CDDB0A /* Supporting Files */ = {
			isa = PBXGroup;
			children = (
				D0E0FA2E1B73B4E500CDDB0A /* Info.plist */,
			);
			name = "Supporting Files";
			sourceTree = "<group>";
		};
		D0E223161B74FFD100319A0B /* pix */ = {
			isa = PBXGroup;
			children = (
				D0E222E41B73FC3400319A0B /* SummerCamp_Login3.png */,
				D01FE14F1B7A6C9A00425F31 /* AdHocAlert_generic.png */,
				D01FE1501B7A6C9A00425F31 /* default_herman_question.png */,
				D01FE1511B7A6C9A00425F31 /* AdHocAlert.png */,
				D01FE1521B7A6C9A00425F31 /* AdHocActivity.png */,
				D01FE1531B7A6C9A00425F31 /* 05_knocked_out.png */,
				D01FE1541B7A6C9A00425F31 /* 04_happy.png */,
				D01FE1551B7A6C9A00425F31 /* 03_content.png */,
				D01FE1561B7A6C9A00425F31 /* 02_neutral.png */,
				D01FE1571B7A6C9A00425F31 /* 01_sleeping.png */,
				D0E222E51B73FC3400319A0B /* sunny_san_francisco.jpg */,
				D0E222E61B73FC3400319A0B /* Space_w_Consistency.png */,
				D0E222E71B73FC3400319A0B /* background.png */,
				D0E222E81B73FC3400319A0B /* Noise_to_Signal.png */,
				D0E222E91B73FC3400319A0B /* Task_to_Value.png */,
				D0E222EA1B73FC3400319A0B /* bridgetonowhere.jpg */,
				D0E222EB1B73FC3400319A0B /* HelpfulnessGenerosity.png */,
				D0E222C91B73CA1D00319A0B /* ucb_pharma.png15474615 (1).png */,
				D0E222CA1B73CA1D00319A0B /* ucb_pharma.png15474615 (2).png */,
				D0E222CB1B73CA1D00319A0B /* ucb_pharma.png15474615 (3).png */,
				D0E222E21B73F54B00319A0B /* Activity.swift */,
				D0E222CD1B73CA1D00319A0B /* ucbwhitelogofrommedicalvideos copy 2.png */,
				D0E222CE1B73CA1D00319A0B /* ucbwhitelogofrommedicalvideos copy.png */,
				D0E223001B74F11700319A0B /* Space_w_Consistency.gif */,
				D0E223011B74F11700319A0B /* Task_to_Value.gif */,
				D0E223021B74F11700319A0B /* ucb-logo (2).jpg */,
				D0E223031B74F11700319A0B /* title-text-w-bg.jpg */,
				D0E223041B74F11700319A0B /* send.png */,
				D0E223051B74F11700319A0B /* results.png */,
				D0E223061B74F11700319A0B /* reset.png */,
				D0E223071B74F11700319A0B /* Noise_to_Signal.gif */,
				D0E223081B74F11700319A0B /* HelpfulnessGenerosity.gif */,
				D0E223091B74F11700319A0B /* bg-w-title.jpg */,
				D0E2230A1B74F11700319A0B /* bg.jpg */,
			);
			name = pix;
			sourceTree = "<group>";
		};
/* End PBXGroup section */

/* Begin PBXHeadersBuildPhase section */
		D0E0F9F21B73B4DB00CDDB0A /* Headers */ = {
			isa = PBXHeadersBuildPhase;
			buildActionMask = 2147483647;
			files = (
			);
			runOnlyForDeploymentPostprocessing = 0;
		};
/* End PBXHeadersBuildPhase section */

/* Begin PBXNativeTarget section */
		D0E0F9C71B73B4CF00CDDB0A /* SummerCamp */ = {
			isa = PBXNativeTarget;
			buildConfigurationList = D0E0F9EA1B73B4CF00CDDB0A /* Build configuration list for PBXNativeTarget "SummerCamp" */;
			buildPhases = (
				D0E0F9C41B73B4CF00CDDB0A /* Sources */,
				D0E0F9C51B73B4CF00CDDB0A /* Frameworks */,
				D0E0F9C61B73B4CF00CDDB0A /* Resources */,
				D0E222FC1B73FF0000319A0B /* Embed App Extensions */,
			);
			buildRules = (
			);
			dependencies = (
				D0E222FB1B73FEFF00319A0B /* PBXTargetDependency */,
			);
			name = SummerCamp;
			productName = SummerCamp;
			productReference = D0E0F9C81B73B4CF00CDDB0A /* SummerCamp.app */;
			productType = "com.apple.product-type.application";
		};
		D0E0F9DF1B73B4CF00CDDB0A /* SummerCampTests */ = {
			isa = PBXNativeTarget;
			buildConfigurationList = D0E0F9ED1B73B4CF00CDDB0A /* Build configuration list for PBXNativeTarget "SummerCampTests" */;
			buildPhases = (
				D0E0F9DC1B73B4CF00CDDB0A /* Sources */,
				D0E0F9DD1B73B4CF00CDDB0A /* Frameworks */,
				D0E0F9DE1B73B4CF00CDDB0A /* Resources */,
			);
			buildRules = (
			);
			dependencies = (
				D0E0F9E21B73B4CF00CDDB0A /* PBXTargetDependency */,
			);
			name = SummerCampTests;
			productName = SummerCampTests;
			productReference = D0E0F9E01B73B4CF00CDDB0A /* SummerCampTests.xctest */;
			productType = "com.apple.product-type.bundle.unit-test";
		};
		D0E0F9F41B73B4DB00CDDB0A /* WatchCoreDataProxy */ = {
			isa = PBXNativeTarget;
			buildConfigurationList = D0E0FA0E1B73B4DB00CDDB0A /* Build configuration list for PBXNativeTarget "WatchCoreDataProxy" */;
			buildPhases = (
				D0E0F9F01B73B4DB00CDDB0A /* Sources */,
				D0E0F9F11B73B4DB00CDDB0A /* Frameworks */,
				D0E0F9F21B73B4DB00CDDB0A /* Headers */,
				D0E0F9F31B73B4DB00CDDB0A /* Resources */,
			);
			buildRules = (
			);
			dependencies = (
			);
			name = WatchCoreDataProxy;
			productName = WatchCoreDataProxy;
			productReference = D0E0F9F51B73B4DB00CDDB0A /* WatchCoreDataProxy.framework */;
			productType = "com.apple.product-type.framework";
		};
		D0E0F9FE1B73B4DB00CDDB0A /* WatchCoreDataProxyTests */ = {
			isa = PBXNativeTarget;
			buildConfigurationList = D0E0FA121B73B4DB00CDDB0A /* Build configuration list for PBXNativeTarget "WatchCoreDataProxyTests" */;
			buildPhases = (
				D0E0F9FB1B73B4DB00CDDB0A /* Sources */,
				D0E0F9FC1B73B4DB00CDDB0A /* Frameworks */,
				D0E0F9FD1B73B4DB00CDDB0A /* Resources */,
			);
			buildRules = (
			);
			dependencies = (
				D0E0FA021B73B4DB00CDDB0A /* PBXTargetDependency */,
				D0E0FA041B73B4DB00CDDB0A /* PBXTargetDependency */,
			);
			name = WatchCoreDataProxyTests;
			productName = WatchCoreDataProxyTests;
			productReference = D0E0F9FF1B73B4DB00CDDB0A /* WatchCoreDataProxyTests.xctest */;
			productType = "com.apple.product-type.bundle.unit-test";
		};
		D0E0FA181B73B4E500CDDB0A /* SummerCamp WatchKit Extension */ = {
			isa = PBXNativeTarget;
			buildConfigurationList = D0E0FA3A1B73B4E500CDDB0A /* Build configuration list for PBXNativeTarget "SummerCamp WatchKit Extension" */;
			buildPhases = (
				D0E0FA151B73B4E500CDDB0A /* Sources */,
				D0E0FA161B73B4E500CDDB0A /* Frameworks */,
				D0E0FA171B73B4E500CDDB0A /* Resources */,
			);
			buildRules = (
			);
			dependencies = (
				D0E0FA2B1B73B4E500CDDB0A /* PBXTargetDependency */,
			);
			name = "SummerCamp WatchKit Extension";
			productName = "SummerCamp WatchKit Extension";
			productReference = D0E0FA191B73B4E500CDDB0A /* SummerCamp WatchKit Extension.appex */;
			productType = "com.apple.product-type.watchkit-extension";
		};
		D0E0FA271B73B4E500CDDB0A /* SummerCamp WatchKit App */ = {
			isa = PBXNativeTarget;
			buildConfigurationList = D0E0FA371B73B4E500CDDB0A /* Build configuration list for PBXNativeTarget "SummerCamp WatchKit App" */;
			buildPhases = (
				D0E0FA261B73B4E500CDDB0A /* Resources */,
			);
			buildRules = (
			);
			dependencies = (
			);
			name = "SummerCamp WatchKit App";
			productName = "SummerCamp WatchKit App";
			productReference = D0E0FA281B73B4E500CDDB0A /* SummerCamp WatchKit App.app */;
			productType = "com.apple.product-type.application.watchapp";
		};
/* End PBXNativeTarget section */

/* Begin PBXProject section */
		D0E0F9C01B73B4CF00CDDB0A /* Project object */ = {
			isa = PBXProject;
			attributes = {
				LastUpgradeCheck = 0640;
				ORGANIZATIONNAME = "UCB+nikhowlett";
				TargetAttributes = {
					D0E0F9C71B73B4CF00CDDB0A = {
						CreatedOnToolsVersion = 6.4;
						DevelopmentTeam = 8MHBGG6X8S;
						SystemCapabilities = {
							com.apple.ApplicationGroups.iOS = {
								enabled = 1;
							};
							com.apple.BackgroundModes = {
								enabled = 1;
							};
						};
					};
					D0E0F9DF1B73B4CF00CDDB0A = {
						CreatedOnToolsVersion = 6.4;
						TestTargetID = D0E0F9C71B73B4CF00CDDB0A;
					};
					D0E0F9F41B73B4DB00CDDB0A = {
						CreatedOnToolsVersion = 6.4;
					};
					D0E0F9FE1B73B4DB00CDDB0A = {
						CreatedOnToolsVersion = 6.4;
						TestTargetID = D0E0F9C71B73B4CF00CDDB0A;
					};
					D0E0FA181B73B4E500CDDB0A = {
						CreatedOnToolsVersion = 6.4;
						DevelopmentTeam = 8MHBGG6X8S;
						SystemCapabilities = {
							com.apple.ApplicationGroups.iOS = {
								enabled = 1;
							};
						};
					};
					D0E0FA271B73B4E500CDDB0A = {
						CreatedOnToolsVersion = 6.4;
						DevelopmentTeam = 8MHBGG6X8S;
					};
				};
			};
			buildConfigurationList = D0E0F9C31B73B4CF00CDDB0A /* Build configuration list for PBXProject "SummerCamp" */;
			compatibilityVersion = "Xcode 3.2";
			developmentRegion = English;
			hasScannedForEncodings = 0;
			knownRegions = (
				en,
				Base,
			);
			mainGroup = D0E0F9BF1B73B4CF00CDDB0A;
			productRefGroup = D0E0F9C91B73B4CF00CDDB0A /* Products */;
			projectDirPath = "";
			projectRoot = "";
			targets = (
				D0E0F9C71B73B4CF00CDDB0A /* SummerCamp */,
				D0E0F9DF1B73B4CF00CDDB0A /* SummerCampTests */,
				D0E0F9F41B73B4DB00CDDB0A /* WatchCoreDataProxy */,
				D0E0F9FE1B73B4DB00CDDB0A /* WatchCoreDataProxyTests */,
				D0E0FA181B73B4E500CDDB0A /* SummerCamp WatchKit Extension */,
				D0E0FA271B73B4E500CDDB0A /* SummerCamp WatchKit App */,
			);
		};
/* End PBXProject section */

/* Begin PBXResourcesBuildPhase section */
		D0E0F9C61B73B4CF00CDDB0A /* Resources */ = {
			isa = PBXResourcesBuildPhase;
			buildActionMask = 2147483647;
			files = (
				D0E0F9D61B73B4CF00CDDB0A /* Main.storyboard in Resources */,
				D0E223151B74F11700319A0B /* bg.jpg in Resources */,
				D0E222EF1B73FC3400319A0B /* background.png in Resources */,
				D0E222F01B73FC3400319A0B /* Noise_to_Signal.png in Resources */,
				D0E2230B1B74F11700319A0B /* Space_w_Consistency.gif in Resources */,
				D0E222EE1B73FC3400319A0B /* Space_w_Consistency.png in Resources */,
				D0E222D31B73CA1D00319A0B /* ucbwhitelogofrommedicalvideos copy 2.png in Resources */,
				D01FE1651B7A967D00425F31 /* App Icon [Squared] in Resources */,
				D0E222CF1B73CA1D00319A0B /* ucb_pharma.png15474615 (1).png in Resources */,
				D0E223111B74F11700319A0B /* reset.png in Resources */,
				D0E222D01B73CA1D00319A0B /* ucb_pharma.png15474615 (2).png in Resources */,
				D0E2230C1B74F11700319A0B /* Task_to_Value.gif in Resources */,
				D0E223131B74F11700319A0B /* HelpfulnessGenerosity.gif in Resources */,
				D0E222D41B73CA1D00319A0B /* ucbwhitelogofrommedicalvideos copy.png in Resources */,
				D0E222ED1B73FC3400319A0B /* sunny_san_francisco.jpg in Resources */,
				D0E222D11B73CA1D00319A0B /* ucb_pharma.png15474615 (3).png in Resources */,
				D0E0F9DB1B73B4CF00CDDB0A /* LaunchScreen.xib in Resources */,
				D0E222F11B73FC3400319A0B /* Task_to_Value.png in Resources */,
				D0E223101B74F11700319A0B /* results.png in Resources */,
				D0E223141B74F11700319A0B /* bg-w-title.jpg in Resources */,
				D0E2230D1B74F11700319A0B /* ucb-logo (2).jpg in Resources */,
				D0E222F21B73FC3400319A0B /* bridgetonowhere.jpg in Resources */,
				D0E2230E1B74F11700319A0B /* title-text-w-bg.jpg in Resources */,
				D01DBC871B7BBF1C002F6052 /* icon-user-default.png in Resources */,
				D0E2230F1B74F11700319A0B /* send.png in Resources */,
				D0E223121B74F11700319A0B /* Noise_to_Signal.gif in Resources */,
				D0E0F9D81B73B4CF00CDDB0A /* Images.xcassets in Resources */,
				D01FE1641B7A967D00425F31 /* App Icon [Rounded] in Resources */,
				D0E222F31B73FC3400319A0B /* HelpfulnessGenerosity.png in Resources */,
				D0E222EC1B73FC3400319A0B /* SummerCamp_Login3.png in Resources */,
			);
			runOnlyForDeploymentPostprocessing = 0;
		};
		D0E0F9DE1B73B4CF00CDDB0A /* Resources */ = {
			isa = PBXResourcesBuildPhase;
			buildActionMask = 2147483647;
			files = (
			);
			runOnlyForDeploymentPostprocessing = 0;
		};
		D0E0F9F31B73B4DB00CDDB0A /* Resources */ = {
			isa = PBXResourcesBuildPhase;
			buildActionMask = 2147483647;
			files = (
			);
			runOnlyForDeploymentPostprocessing = 0;
		};
		D0E0F9FD1B73B4DB00CDDB0A /* Resources */ = {
			isa = PBXResourcesBuildPhase;
			buildActionMask = 2147483647;
			files = (
			);
			runOnlyForDeploymentPostprocessing = 0;
		};
		D0E0FA171B73B4E500CDDB0A /* Resources */ = {
			isa = PBXResourcesBuildPhase;
			buildActionMask = 2147483647;
			files = (
				D0E223291B75011000319A0B /* send.png in Resources */,
				D0E223191B75011000319A0B /* Space_w_Consistency.png in Resources */,
				D01FE15D1B7A6C9A00425F31 /* 04_happy.png in Resources */,
				D0E223201B75011000319A0B /* ucb_pharma.png15474615 (2).png in Resources */,
				D0E223231B75011000319A0B /* ucbwhitelogofrommedicalvideos copy 2.png in Resources */,
				D01FE1601B7A6C9A00425F31 /* 01_sleeping.png in Resources */,
				D01FE1581B7A6C9A00425F31 /* AdHocAlert_generic.png in Resources */,
				D0E0FA291B73B4E500CDDB0A /* SummerCamp WatchKit App.app in Resources */,
				D01FE15A1B7A6C9A00425F31 /* AdHocAlert.png in Resources */,
				D0E2232D1B75011000319A0B /* HelpfulnessGenerosity.gif in Resources */,
				D0E0FA251B73B4E500CDDB0A /* Images.xcassets in Resources */,
				D0E223211B75011000319A0B /* ucb_pharma.png15474615 (3).png in Resources */,
				D01FE1591B7A6C9A00425F31 /* default_herman_question.png in Resources */,
				D0E223261B75011000319A0B /* Task_to_Value.gif in Resources */,
				D0E2232B1B75011000319A0B /* reset.png in Resources */,
				D0E2231E1B75011000319A0B /* HelpfulnessGenerosity.png in Resources */,
				D0E2231C1B75011000319A0B /* Task_to_Value.png in Resources */,
				D01FE15E1B7A6C9A00425F31 /* 03_content.png in Resources */,
				D01FE15B1B7A6C9A00425F31 /* AdHocActivity.png in Resources */,
				D0E223271B75011000319A0B /* ucb-logo (2).jpg in Resources */,
				D0E2231B1B75011000319A0B /* Noise_to_Signal.png in Resources */,
				D0E2232C1B75011000319A0B /* Noise_to_Signal.gif in Resources */,
				D0E2231F1B75011000319A0B /* ucb_pharma.png15474615 (1).png in Resources */,
				D0E223241B75011000319A0B /* ucbwhitelogofrommedicalvideos copy.png in Resources */,
				D0E223251B75011000319A0B /* Space_w_Consistency.gif in Resources */,
				D0E2232A1B75011000319A0B /* results.png in Resources */,
				D01FE15F1B7A6C9A00425F31 /* 02_neutral.png in Resources */,
				D01FE15C1B7A6C9A00425F31 /* 05_knocked_out.png in Resources */,
			);
			runOnlyForDeploymentPostprocessing = 0;
		};
		D0E0FA261B73B4E500CDDB0A /* Resources */ = {
			isa = PBXResourcesBuildPhase;
			buildActionMask = 2147483647;
			files = (
				D0E223431B75029400319A0B /* send.png in Resources */,
				D0E2233B1B75027D00319A0B /* ucb_pharma.png15474615 (2).png in Resources */,
				D0E2233D1B75028800319A0B /* ucbwhitelogofrommedicalvideos copy 2.png in Resources */,
				D0E223381B75026D00319A0B /* Task_to_Value.png in Resources */,
				D0E223471B75029800319A0B /* HelpfulnessGenerosity.gif in Resources */,
				D0E223331B75014900319A0B /* Space_w_Consistency.png in Resources */,
				D0E2233C1B75027F00319A0B /* ucb_pharma.png15474615 (3).png in Resources */,
				D0E223401B75028F00319A0B /* Task_to_Value.gif in Resources */,
				D0E223451B75029800319A0B /* reset.png in Resources */,
				D0E223301B75014100319A0B /* ucb_pharma.png15474615 (1).png in Resources */,
				D0E0FA311B73B4E500CDDB0A /* Interface.storyboard in Resources */,
				D0E223411B75028F00319A0B /* ucb-logo (2).jpg in Resources */,
				D0E2233A1B75027900319A0B /* HelpfulnessGenerosity.png in Resources */,
				D0E223461B75029800319A0B /* Noise_to_Signal.gif in Resources */,
				D0E223341B75014C00319A0B /* Noise_to_Signal.png in Resources */,
				D0E2233E1B75028A00319A0B /* ucbwhitelogofrommedicalvideos copy.png in Resources */,
				D0E2233F1B75028F00319A0B /* Space_w_Consistency.gif in Resources */,
				D0E223441B75029400319A0B /* results.png in Resources */,
				D0E0FA331B73B4E500CDDB0A /* Images.xcassets in Resources */,
			);
			runOnlyForDeploymentPostprocessing = 0;
		};
/* End PBXResourcesBuildPhase section */

/* Begin PBXSourcesBuildPhase section */
		D0E0F9C41B73B4CF00CDDB0A /* Sources */ = {
			isa = PBXSourcesBuildPhase;
			buildActionMask = 2147483647;
			files = (
				D0E222D81B73DAF500319A0B /* MiddleViewController.swift in Sources */,
				D0E223591B7530FC00319A0B /* Employee.swift in Sources */,
				D0E222D61B73DAE900319A0B /* ActivityTableViewController.swift in Sources */,
				D0E222E31B73F54B00319A0B /* Activity.swift in Sources */,
				D0E0F9D31B73B4CF00CDDB0A /* ViewController.swift in Sources */,
				D0E222DA1B73EFBC00319A0B /* SwiftyJSON.swift in Sources */,
				D0E0F9CE1B73B4CF00CDDB0A /* AppDelegate.swift in Sources */,
				D0E223571B752CEA00319A0B /* middle2ViewController.swift in Sources */,
				D0E0F9D11B73B4CF00CDDB0A /* SummerCamp.xcdatamodeld in Sources */,
			);
			runOnlyForDeploymentPostprocessing = 0;
		};
		D0E0F9DC1B73B4CF00CDDB0A /* Sources */ = {
			isa = PBXSourcesBuildPhase;
			buildActionMask = 2147483647;
			files = (
				D0E222E11B73F51E00319A0B /* Activity.swift in Sources */,
				D0E0F9E71B73B4CF00CDDB0A /* SummerCampTests.swift in Sources */,
			);
			runOnlyForDeploymentPostprocessing = 0;
		};
		D0E0F9F01B73B4DB00CDDB0A /* Sources */ = {
			isa = PBXSourcesBuildPhase;
			buildActionMask = 2147483647;
			files = (
				D0C444701B73C6150084111F /* Activity.swift in Sources */,
			);
			runOnlyForDeploymentPostprocessing = 0;
		};
		D0E0F9FB1B73B4DB00CDDB0A /* Sources */ = {
			isa = PBXSourcesBuildPhase;
			buildActionMask = 2147483647;
			files = (
			);
			runOnlyForDeploymentPostprocessing = 0;
		};
		D0E0FA151B73B4E500CDDB0A /* Sources */ = {
			isa = PBXSourcesBuildPhase;
			buildActionMask = 2147483647;
			files = (
				D0E0FA211B73B4E500CDDB0A /* NotificationController.swift in Sources */,
				D0D80A991B78DEA800EB11FA /* sliderengagement.swift in Sources */,
				D0E223551B75285B00319A0B /* loadInterfaceController.swift in Sources */,
				D0E223531B75182600319A0B /* ActivityInterfaceController.swift in Sources */,
				D0243E8A1B793226001C5738 /* TaskNotificationController.swift in Sources */,
				D0E0FA1F1B73B4E500CDDB0A /* slider.swift in Sources */,
				D0E223511B75181D00319A0B /* emoji.swift in Sources */,
				D0E2234F1B75181400319A0B /* SliderInterfaceController.swift in Sources */,
				D0243E861B793211001C5738 /* HelpfulnessNotificationController.swift in Sources */,
				D0243E841B793202001C5738 /* NoiseNotificationController.swift in Sources */,
				D0E2234D1B75180700319A0B /* yesno.swift in Sources */,
				D01FE14E1B7A5A5A00425F31 /* SwiftyJSON.swift in Sources */,
				D0E223221B75011000319A0B /* Activity.swift in Sources */,
				D0E2234B1B7517FD00319A0B /* ActivityScreenInterfaceController.swift in Sources */,
				D0E0FA231B73B4E500CDDB0A /* GlanceController.swift in Sources */,
				D0243E881B79321E001C5738 /* SpaceNotificationController.swift in Sources */,
			);
			runOnlyForDeploymentPostprocessing = 0;
		};
/* End PBXSourcesBuildPhase section */

/* Begin PBXTargetDependency section */
		D0E0F9E21B73B4CF00CDDB0A /* PBXTargetDependency */ = {
			isa = PBXTargetDependency;
			target = D0E0F9C71B73B4CF00CDDB0A /* SummerCamp */;
			targetProxy = D0E0F9E11B73B4CF00CDDB0A /* PBXContainerItemProxy */;
		};
		D0E0FA021B73B4DB00CDDB0A /* PBXTargetDependency */ = {
			isa = PBXTargetDependency;
			target = D0E0F9F41B73B4DB00CDDB0A /* WatchCoreDataProxy */;
			targetProxy = D0E0FA011B73B4DB00CDDB0A /* PBXContainerItemProxy */;
		};
		D0E0FA041B73B4DB00CDDB0A /* PBXTargetDependency */ = {
			isa = PBXTargetDependency;
			target = D0E0F9C71B73B4CF00CDDB0A /* SummerCamp */;
			targetProxy = D0E0FA031B73B4DB00CDDB0A /* PBXContainerItemProxy */;
		};
		D0E0FA2B1B73B4E500CDDB0A /* PBXTargetDependency */ = {
			isa = PBXTargetDependency;
			target = D0E0FA271B73B4E500CDDB0A /* SummerCamp WatchKit App */;
			targetProxy = D0E0FA2A1B73B4E500CDDB0A /* PBXContainerItemProxy */;
		};
		D0E222FB1B73FEFF00319A0B /* PBXTargetDependency */ = {
			isa = PBXTargetDependency;
			target = D0E0FA181B73B4E500CDDB0A /* SummerCamp WatchKit Extension */;
			targetProxy = D0E222FA1B73FEFF00319A0B /* PBXContainerItemProxy */;
		};
/* End PBXTargetDependency section */

/* Begin PBXVariantGroup section */
		D0E0F9D41B73B4CF00CDDB0A /* Main.storyboard */ = {
			isa = PBXVariantGroup;
			children = (
				D0E0F9D51B73B4CF00CDDB0A /* Base */,
			);
			name = Main.storyboard;
			sourceTree = "<group>";
		};
		D0E0F9D91B73B4CF00CDDB0A /* LaunchScreen.xib */ = {
			isa = PBXVariantGroup;
			children = (
				D0E0F9DA1B73B4CF00CDDB0A /* Base */,
			);
			name = LaunchScreen.xib;
			sourceTree = "<group>";
		};
		D0E0FA2F1B73B4E500CDDB0A /* Interface.storyboard */ = {
			isa = PBXVariantGroup;
			children = (
				D0E0FA301B73B4E500CDDB0A /* Base */,
			);
			name = Interface.storyboard;
			sourceTree = "<group>";
		};
/* End PBXVariantGroup section */

/* Begin XCBuildConfiguration section */
		D0E0F9E81B73B4CF00CDDB0A /* Debug */ = {
			isa = XCBuildConfiguration;
			buildSettings = {
				ALWAYS_SEARCH_USER_PATHS = NO;
				CLANG_CXX_LANGUAGE_STANDARD = "gnu++0x";
				CLANG_CXX_LIBRARY = "libc++";
				CLANG_ENABLE_MODULES = YES;
				CLANG_ENABLE_OBJC_ARC = YES;
				CLANG_WARN_BOOL_CONVERSION = YES;
				CLANG_WARN_CONSTANT_CONVERSION = YES;
				CLANG_WARN_DIRECT_OBJC_ISA_USAGE = YES_ERROR;
				CLANG_WARN_EMPTY_BODY = YES;
				CLANG_WARN_ENUM_CONVERSION = YES;
				CLANG_WARN_INT_CONVERSION = YES;
				CLANG_WARN_OBJC_ROOT_CLASS = YES_ERROR;
				CLANG_WARN_UNREACHABLE_CODE = YES;
				CLANG_WARN__DUPLICATE_METHOD_MATCH = YES;
				"CODE_SIGN_IDENTITY[sdk=iphoneos*]" = "iPhone Developer";
				COPY_PHASE_STRIP = NO;
				DEBUG_INFORMATION_FORMAT = "dwarf-with-dsym";
				ENABLE_STRICT_OBJC_MSGSEND = YES;
				GCC_C_LANGUAGE_STANDARD = gnu99;
				GCC_DYNAMIC_NO_PIC = NO;
				GCC_NO_COMMON_BLOCKS = YES;
				GCC_OPTIMIZATION_LEVEL = 0;
				GCC_PREPROCESSOR_DEFINITIONS = (
					"DEBUG=1",
					"$(inherited)",
				);
				GCC_SYMBOLS_PRIVATE_EXTERN = NO;
				GCC_WARN_64_TO_32_BIT_CONVERSION = YES;
				GCC_WARN_ABOUT_RETURN_TYPE = YES_ERROR;
				GCC_WARN_UNDECLARED_SELECTOR = YES;
				GCC_WARN_UNINITIALIZED_AUTOS = YES_AGGRESSIVE;
				GCC_WARN_UNUSED_FUNCTION = YES;
				GCC_WARN_UNUSED_VARIABLE = YES;
				IPHONEOS_DEPLOYMENT_TARGET = 8.4;
				MTL_ENABLE_DEBUG_INFO = YES;
				ONLY_ACTIVE_ARCH = YES;
				SDKROOT = iphoneos;
				SWIFT_OPTIMIZATION_LEVEL = "-Onone";
				TARGETED_DEVICE_FAMILY = "1,2";
			};
			name = Debug;
		};
		D0E0F9E91B73B4CF00CDDB0A /* Release */ = {
			isa = XCBuildConfiguration;
			buildSettings = {
				ALWAYS_SEARCH_USER_PATHS = NO;
				CLANG_CXX_LANGUAGE_STANDARD = "gnu++0x";
				CLANG_CXX_LIBRARY = "libc++";
				CLANG_ENABLE_MODULES = YES;
				CLANG_ENABLE_OBJC_ARC = YES;
				CLANG_WARN_BOOL_CONVERSION = YES;
				CLANG_WARN_CONSTANT_CONVERSION = YES;
				CLANG_WARN_DIRECT_OBJC_ISA_USAGE = YES_ERROR;
				CLANG_WARN_EMPTY_BODY = YES;
				CLANG_WARN_ENUM_CONVERSION = YES;
				CLANG_WARN_INT_CONVERSION = YES;
				CLANG_WARN_OBJC_ROOT_CLASS = YES_ERROR;
				CLANG_WARN_UNREACHABLE_CODE = YES;
				CLANG_WARN__DUPLICATE_METHOD_MATCH = YES;
				"CODE_SIGN_IDENTITY[sdk=iphoneos*]" = "iPhone Developer";
				COPY_PHASE_STRIP = NO;
				DEBUG_INFORMATION_FORMAT = "dwarf-with-dsym";
				ENABLE_NS_ASSERTIONS = NO;
				ENABLE_STRICT_OBJC_MSGSEND = YES;
				GCC_C_LANGUAGE_STANDARD = gnu99;
				GCC_NO_COMMON_BLOCKS = YES;
				GCC_WARN_64_TO_32_BIT_CONVERSION = YES;
				GCC_WARN_ABOUT_RETURN_TYPE = YES_ERROR;
				GCC_WARN_UNDECLARED_SELECTOR = YES;
				GCC_WARN_UNINITIALIZED_AUTOS = YES_AGGRESSIVE;
				GCC_WARN_UNUSED_FUNCTION = YES;
				GCC_WARN_UNUSED_VARIABLE = YES;
				IPHONEOS_DEPLOYMENT_TARGET = 8.4;
				MTL_ENABLE_DEBUG_INFO = NO;
				SDKROOT = iphoneos;
				TARGETED_DEVICE_FAMILY = "1,2";
				VALIDATE_PRODUCT = YES;
			};
			name = Release;
		};
		D0E0F9EB1B73B4CF00CDDB0A /* Debug */ = {
			isa = XCBuildConfiguration;
			buildSettings = {
				ASSETCATALOG_COMPILER_APPICON_NAME = AppIcon;
				CODE_SIGN_ENTITLEMENTS = SummerCamp/SummerCamp.entitlements;
				CODE_SIGN_IDENTITY = "iPhone Developer";
				"CODE_SIGN_IDENTITY[sdk=iphoneos*]" = "iPhone Developer";
				INFOPLIST_FILE = SummerCamp/Info.plist;
				LD_RUNPATH_SEARCH_PATHS = "$(inherited) @executable_path/Frameworks";
				PRODUCT_NAME = "$(TARGET_NAME)";
				PROVISIONING_PROFILE = "";
			};
			name = Debug;
		};
		D0E0F9EC1B73B4CF00CDDB0A /* Release */ = {
			isa = XCBuildConfiguration;
			buildSettings = {
				ASSETCATALOG_COMPILER_APPICON_NAME = AppIcon;
				CODE_SIGN_ENTITLEMENTS = SummerCamp/SummerCamp.entitlements;
				CODE_SIGN_IDENTITY = "iPhone Developer";
				"CODE_SIGN_IDENTITY[sdk=iphoneos*]" = "iPhone Developer";
				INFOPLIST_FILE = SummerCamp/Info.plist;
				LD_RUNPATH_SEARCH_PATHS = "$(inherited) @executable_path/Frameworks";
				PRODUCT_NAME = "$(TARGET_NAME)";
				PROVISIONING_PROFILE = "";
			};
			name = Release;
		};
		D0E0F9EE1B73B4CF00CDDB0A /* Debug */ = {
			isa = XCBuildConfiguration;
			buildSettings = {
				BUNDLE_LOADER = "$(TEST_HOST)";
				FRAMEWORK_SEARCH_PATHS = (
					"$(SDKROOT)/Developer/Library/Frameworks",
					"$(inherited)",
				);
				GCC_PREPROCESSOR_DEFINITIONS = (
					"DEBUG=1",
					"$(inherited)",
				);
				INFOPLIST_FILE = SummerCampTests/Info.plist;
				LD_RUNPATH_SEARCH_PATHS = "$(inherited) @executable_path/Frameworks @loader_path/Frameworks";
				PRODUCT_NAME = "$(TARGET_NAME)";
				TEST_HOST = "$(BUILT_PRODUCTS_DIR)/SummerCamp.app/SummerCamp";
			};
			name = Debug;
		};
		D0E0F9EF1B73B4CF00CDDB0A /* Release */ = {
			isa = XCBuildConfiguration;
			buildSettings = {
				BUNDLE_LOADER = "$(TEST_HOST)";
				FRAMEWORK_SEARCH_PATHS = (
					"$(SDKROOT)/Developer/Library/Frameworks",
					"$(inherited)",
				);
				INFOPLIST_FILE = SummerCampTests/Info.plist;
				LD_RUNPATH_SEARCH_PATHS = "$(inherited) @executable_path/Frameworks @loader_path/Frameworks";
				PRODUCT_NAME = "$(TARGET_NAME)";
				TEST_HOST = "$(BUILT_PRODUCTS_DIR)/SummerCamp.app/SummerCamp";
			};
			name = Release;
		};
		D0E0FA0F1B73B4DB00CDDB0A /* Debug */ = {
			isa = XCBuildConfiguration;
			buildSettings = {
				CLANG_ENABLE_MODULES = YES;
				CURRENT_PROJECT_VERSION = 1;
				DEFINES_MODULE = YES;
				DYLIB_COMPATIBILITY_VERSION = 1;
				DYLIB_CURRENT_VERSION = 1;
				DYLIB_INSTALL_NAME_BASE = "@rpath";
				GCC_PREPROCESSOR_DEFINITIONS = (
					"DEBUG=1",
					"$(inherited)",
				);
				INFOPLIST_FILE = WatchCoreDataProxy/Info.plist;
				INSTALL_PATH = "$(LOCAL_LIBRARY_DIR)/Frameworks";
				LD_RUNPATH_SEARCH_PATHS = "$(inherited) @executable_path/Frameworks @loader_path/Frameworks";
				PRODUCT_NAME = "$(TARGET_NAME)";
				SKIP_INSTALL = YES;
				SWIFT_OPTIMIZATION_LEVEL = "-Onone";
				VERSIONING_SYSTEM = "apple-generic";
				VERSION_INFO_PREFIX = "";
			};
			name = Debug;
		};
		D0E0FA101B73B4DB00CDDB0A /* Release */ = {
			isa = XCBuildConfiguration;
			buildSettings = {
				CLANG_ENABLE_MODULES = YES;
				CURRENT_PROJECT_VERSION = 1;
				DEFINES_MODULE = YES;
				DYLIB_COMPATIBILITY_VERSION = 1;
				DYLIB_CURRENT_VERSION = 1;
				DYLIB_INSTALL_NAME_BASE = "@rpath";
				INFOPLIST_FILE = WatchCoreDataProxy/Info.plist;
				INSTALL_PATH = "$(LOCAL_LIBRARY_DIR)/Frameworks";
				LD_RUNPATH_SEARCH_PATHS = "$(inherited) @executable_path/Frameworks @loader_path/Frameworks";
				PRODUCT_NAME = "$(TARGET_NAME)";
				SKIP_INSTALL = YES;
				VERSIONING_SYSTEM = "apple-generic";
				VERSION_INFO_PREFIX = "";
			};
			name = Release;
		};
		D0E0FA131B73B4DB00CDDB0A /* Debug */ = {
			isa = XCBuildConfiguration;
			buildSettings = {
				FRAMEWORK_SEARCH_PATHS = (
					"$(SDKROOT)/Developer/Library/Frameworks",
					"$(inherited)",
				);
				GCC_PREPROCESSOR_DEFINITIONS = (
					"DEBUG=1",
					"$(inherited)",
				);
				INFOPLIST_FILE = WatchCoreDataProxyTests/Info.plist;
				LD_RUNPATH_SEARCH_PATHS = "$(inherited) @executable_path/Frameworks @loader_path/Frameworks";
				PRODUCT_NAME = "$(TARGET_NAME)";
				TEST_HOST = "$(BUILT_PRODUCTS_DIR)/SummerCamp.app/SummerCamp";
			};
			name = Debug;
		};
		D0E0FA141B73B4DB00CDDB0A /* Release */ = {
			isa = XCBuildConfiguration;
			buildSettings = {
				FRAMEWORK_SEARCH_PATHS = (
					"$(SDKROOT)/Developer/Library/Frameworks",
					"$(inherited)",
				);
				INFOPLIST_FILE = WatchCoreDataProxyTests/Info.plist;
				LD_RUNPATH_SEARCH_PATHS = "$(inherited) @executable_path/Frameworks @loader_path/Frameworks";
				PRODUCT_NAME = "$(TARGET_NAME)";
				TEST_HOST = "$(BUILT_PRODUCTS_DIR)/SummerCamp.app/SummerCamp";
			};
			name = Release;
		};
		D0E0FA381B73B4E500CDDB0A /* Debug */ = {
			isa = XCBuildConfiguration;
			buildSettings = {
				ASSETCATALOG_COMPILER_APPICON_NAME = AppIcon;
				CODE_SIGN_IDENTITY = "iPhone Developer";
				"CODE_SIGN_IDENTITY[sdk=iphoneos*]" = "iPhone Developer";
				GCC_PREPROCESSOR_DEFINITIONS = (
					"DEBUG=1",
					"$(inherited)",
				);
				IBSC_MODULE = SummerCamp_WatchKit_Extension;
				INFOPLIST_FILE = "SummerCamp WatchKit App/Info.plist";
				IPHONEOS_DEPLOYMENT_TARGET = 8.2;
				PRODUCT_NAME = "$(TARGET_NAME)";
				PROVISIONING_PROFILE = "";
				SKIP_INSTALL = NO;
				TARGETED_DEVICE_FAMILY = 4;
				"TARGETED_DEVICE_FAMILY[sdk=iphonesimulator*]" = "1,4";
			};
			name = Debug;
		};
		D0E0FA391B73B4E500CDDB0A /* Release */ = {
			isa = XCBuildConfiguration;
			buildSettings = {
				ASSETCATALOG_COMPILER_APPICON_NAME = AppIcon;
				CODE_SIGN_IDENTITY = "iPhone Developer";
				"CODE_SIGN_IDENTITY[sdk=iphoneos*]" = "iPhone Developer";
				IBSC_MODULE = SummerCamp_WatchKit_Extension;
				INFOPLIST_FILE = "SummerCamp WatchKit App/Info.plist";
				IPHONEOS_DEPLOYMENT_TARGET = 8.2;
				PRODUCT_NAME = "$(TARGET_NAME)";
				PROVISIONING_PROFILE = "";
				SKIP_INSTALL = NO;
				TARGETED_DEVICE_FAMILY = 4;
				"TARGETED_DEVICE_FAMILY[sdk=iphonesimulator*]" = "1,4";
			};
			name = Release;
		};
		D0E0FA3B1B73B4E500CDDB0A /* Debug */ = {
			isa = XCBuildConfiguration;
			buildSettings = {
				CODE_SIGN_ENTITLEMENTS = "SummerCamp WatchKit Extension/SummerCamp WatchKit Extension.entitlements";
				CODE_SIGN_IDENTITY = "iPhone Developer";
				"CODE_SIGN_IDENTITY[sdk=iphoneos*]" = "iPhone Developer";
				GCC_PREPROCESSOR_DEFINITIONS = (
					"DEBUG=1",
					"$(inherited)",
				);
				INFOPLIST_FILE = "SummerCamp WatchKit Extension/Info.plist";
				LD_RUNPATH_SEARCH_PATHS = "$(inherited) @executable_path/Frameworks @executable_path/../../Frameworks";
				PRODUCT_NAME = "${TARGET_NAME}";
				PROVISIONING_PROFILE = "";
				SKIP_INSTALL = NO;
			};
			name = Debug;
		};
		D0E0FA3C1B73B4E500CDDB0A /* Release */ = {
			isa = XCBuildConfiguration;
			buildSettings = {
				CODE_SIGN_ENTITLEMENTS = "SummerCamp WatchKit Extension/SummerCamp WatchKit Extension.entitlements";
				CODE_SIGN_IDENTITY = "iPhone Developer";
				"CODE_SIGN_IDENTITY[sdk=iphoneos*]" = "iPhone Developer";
				INFOPLIST_FILE = "SummerCamp WatchKit Extension/Info.plist";
				LD_RUNPATH_SEARCH_PATHS = "$(inherited) @executable_path/Frameworks @executable_path/../../Frameworks";
				PRODUCT_NAME = "${TARGET_NAME}";
				PROVISIONING_PROFILE = "";
				SKIP_INSTALL = NO;
			};
			name = Release;
		};
/* End XCBuildConfiguration section */

/* Begin XCConfigurationList section */
		D0E0F9C31B73B4CF00CDDB0A /* Build configuration list for PBXProject "SummerCamp" */ = {
			isa = XCConfigurationList;
			buildConfigurations = (
				D0E0F9E81B73B4CF00CDDB0A /* Debug */,
				D0E0F9E91B73B4CF00CDDB0A /* Release */,
			);
			defaultConfigurationIsVisible = 0;
			defaultConfigurationName = Release;
		};
		D0E0F9EA1B73B4CF00CDDB0A /* Build configuration list for PBXNativeTarget "SummerCamp" */ = {
			isa = XCConfigurationList;
			buildConfigurations = (
				D0E0F9EB1B73B4CF00CDDB0A /* Debug */,
				D0E0F9EC1B73B4CF00CDDB0A /* Release */,
			);
			defaultConfigurationIsVisible = 0;
			defaultConfigurationName = Release;
		};
		D0E0F9ED1B73B4CF00CDDB0A /* Build configuration list for PBXNativeTarget "SummerCampTests" */ = {
			isa = XCConfigurationList;
			buildConfigurations = (
				D0E0F9EE1B73B4CF00CDDB0A /* Debug */,
				D0E0F9EF1B73B4CF00CDDB0A /* Release */,
			);
			defaultConfigurationIsVisible = 0;
			defaultConfigurationName = Release;
		};
		D0E0FA0E1B73B4DB00CDDB0A /* Build configuration list for PBXNativeTarget "WatchCoreDataProxy" */ = {
			isa = XCConfigurationList;
			buildConfigurations = (
				D0E0FA0F1B73B4DB00CDDB0A /* Debug */,
				D0E0FA101B73B4DB00CDDB0A /* Release */,
			);
			defaultConfigurationIsVisible = 0;
			defaultConfigurationName = Release;
		};
		D0E0FA121B73B4DB00CDDB0A /* Build configuration list for PBXNativeTarget "WatchCoreDataProxyTests" */ = {
			isa = XCConfigurationList;
			buildConfigurations = (
				D0E0FA131B73B4DB00CDDB0A /* Debug */,
				D0E0FA141B73B4DB00CDDB0A /* Release */,
			);
			defaultConfigurationIsVisible = 0;
			defaultConfigurationName = Release;
		};
		D0E0FA371B73B4E500CDDB0A /* Build configuration list for PBXNativeTarget "SummerCamp WatchKit App" */ = {
			isa = XCConfigurationList;
			buildConfigurations = (
				D0E0FA381B73B4E500CDDB0A /* Debug */,
				D0E0FA391B73B4E500CDDB0A /* Release */,
			);
			defaultConfigurationIsVisible = 0;
			defaultConfigurationName = Release;
		};
		D0E0FA3A1B73B4E500CDDB0A /* Build configuration list for PBXNativeTarget "SummerCamp WatchKit Extension" */ = {
			isa = XCConfigurationList;
			buildConfigurations = (
				D0E0FA3B1B73B4E500CDDB0A /* Debug */,
				D0E0FA3C1B73B4E500CDDB0A /* Release */,
			);
			defaultConfigurationIsVisible = 0;
			defaultConfigurationName = Release;
		};
/* End XCConfigurationList section */

/* Begin XCVersionGroup section */
		D0E0F9CF1B73B4CF00CDDB0A /* SummerCamp.xcdatamodeld */ = {
			isa = XCVersionGroup;
			children = (
				D0E0F9D01B73B4CF00CDDB0A /* SummerCamp.xcdatamodel */,
			);
			currentVersion = D0E0F9D01B73B4CF00CDDB0A /* SummerCamp.xcdatamodel */;
			path = SummerCamp.xcdatamodeld;
			sourceTree = "<group>";
			versionGroupType = wrapper.xcdatamodel;
		};
/* End XCVersionGroup section */
	};
	rootObject = D0E0F9C01B73B4CF00CDDB0A /* Project object */;
}
